<?xml version="1.0" encoding="utf-8"?>
<Project ToolsVersion="4.0" xmlns="http://schemas.microsoft.com/developer/msbuild/2003">
  <ItemGroup>
    <Filter Include="源文件">
      <UniqueIdentifier>{4FC737F1-C7A5-4376-A066-2A32D752A2FF}</UniqueIdentifier>
      <Extensions>cpp;c;cc;cxx;def;odl;idl;hpj;bat;asm;asmx</Extensions>
    </Filter>
    <Filter Include="资源文件">
      <UniqueIdentifier>{67DA6AB6-F800-4c08-8B7A-83BB121AAD01}</UniqueIdentifier>
      <Extensions>rc;ico;cur;bmp;dlg;rc2;rct;bin;rgs;gif;jpg;jpeg;jpe;resx;tiff;tif;png;wav;mfcribbon-ms</Extensions>
    </Filter>
    <Filter Include="generate">
      <UniqueIdentifier>{9a86497e-e5b3-4739-b221-8d589c4df7c0}</UniqueIdentifier>
    </Filter>
    <Filter Include="g4">
      <UniqueIdentifier>{ba920b84-6ae8-4f87-b631-d267f293c1bb}</UniqueIdentifier>
    </Filter>
  </ItemGroup>
  <ItemGroup>
    <ClCompile Include="..\..\generate\JavaScriptLexer.cpp">
      <Filter>generate</Filter>
    </ClCompile>
    <ClCompile Include="..\..\generate\JavaScriptParser.cpp">
      <Filter>generate</Filter>
    </ClCompile>
    <ClCompile Include="..\..\generate\JavaScriptParserBaseListener.cpp">
      <Filter>generate</Filter>
    </ClCompile>
    <ClCompile Include="..\..\generate\JavaScriptParserBaseVisitor.cpp">
      <Filter>generate</Filter>
    </ClCompile>
    <ClCompile Include="..\..\generate\JavaScriptParserListener.cpp">
      <Filter>generate</Filter>
    </ClCompile>
    <ClCompile Include="..\..\generate\JavaScriptParserVisitor.cpp">
      <Filter>generate</Filter>
    </ClCompile>
    <ClCompile Include="..\..\generate\JavaScriptBaseLexer.cpp">
      <Filter>generate</Filter>
    </ClCompile>
    <ClCompile Include="..\..\generate\JavaScriptBaseParser.cpp">
      <Filter>generate</Filter>
    </ClCompile>
    <ClCompile Include="..\..\src\main.cpp">
      <Filter>源文件</Filter>
    </ClCompile>
    <ClCompile Include="..\..\src\parser_listener.cpp">
      <Filter>源文件</Filter>
    </ClCompile>
    <ClCompile Include="..\..\src\manager.cpp">
      <Filter>源文件</Filter>
    </ClCompile>
    <ClCompile Include="..\..\src\objects.cpp">
      <Filter>源文件</Filter>
    </ClCompile>
    <ClCompile Include="..\..\src\controller.h">
      <Filter>源文件</Filter>
    </ClCompile>
    <ClCompile Include="..\..\src\parser.cpp">
      <Filter>源文件</Filter>
    </ClCompile>
    <ClCompile Include="..\..\src\parser_gen.cpp">
      <Filter>源文件</Filter>
    </ClCompile>
    <ClCompile Include="..\..\src\tool.cpp">
      <Filter>源文件</Filter>
    </ClCompile>
    <ClCompile Include="..\..\src\grammar.cpp">
      <Filter>源文件</Filter>
    </ClCompile>
    <ClCompile Include="..\..\src\lexer.cpp">
      <Filter>源文件</Filter>
    </ClCompile>
  </ItemGroup>
  <ItemGroup>
    <ClInclude Include="..\..\generate\JavaScriptLexer.h">
      <Filter>generate</Filter>
    </ClInclude>
    <ClInclude Include="..\..\generate\JavaScriptParser.h">
      <Filter>generate</Filter>
    </ClInclude>
    <ClInclude Include="..\..\generate\JavaScriptParserBaseListener.h">
      <Filter>generate</Filter>
    </ClInclude>
    <ClInclude Include="..\..\generate\JavaScriptParserBaseVisitor.h">
      <Filter>generate</Filter>
    </ClInclude>
    <ClInclude Include="..\..\generate\JavaScriptParserListener.h">
      <Filter>generate</Filter>
    </ClInclude>
    <ClInclude Include="..\..\generate\JavaScriptParserVisitor.h">
      <Filter>generate</Filter>
    </ClInclude>
    <ClInclude Include="..\..\generate\JavaScriptBaseLexer.h">
      <Filter>generate</Filter>
    </ClInclude>
    <ClInclude Include="..\..\generate\JavaScriptBaseParser.h">
      <Filter>generate</Filter>
    </ClInclude>
    <ClInclude Include="..\..\generate\gcomm.h">
      <Filter>generate</Filter>
    </ClInclude>
    <ClInclude Include="..\..\src\parser_listener.h">
      <Filter>源文件</Filter>
    </ClInclude>
    <ClInclude Include="..\..\src\javascript.h">
      <Filter>源文件</Filter>
    </ClInclude>
    <ClInclude Include="..\..\src\instructions.h">
      <Filter>源文件</Filter>
    </ClInclude>
    <ClInclude Include="..\..\src\operator.h">
      <Filter>源文件</Filter>
    </ClInclude>
    <ClInclude Include="..\..\src\parser.h">
      <Filter>源文件</Filter>
    </ClInclude>
    <ClInclude Include="..\..\src\parser_gen.h">
      <Filter>源文件</Filter>
    </ClInclude>
    <ClInclude Include="..\..\src\tool.h">
      <Filter>源文件</Filter>
    </ClInclude>
    <ClInclude Include="..\..\src\options.h">
      <Filter>源文件</Filter>
    </ClInclude>
    <ClInclude Include="..\..\src\types.h">
      <Filter>源文件</Filter>
    </ClInclude>
  </ItemGroup>
  <ItemGroup>
    <None Include="..\..\generate\JavaScriptLexer.interp">
      <Filter>generate</Filter>
    </None>
    <None Include="..\..\generate\JavaScriptLexer.tokens">
      <Filter>generate</Filter>
    </None>
    <None Include="..\..\generate\JavaScriptParser.interp">
      <Filter>generate</Filter>
    </None>
    <None Include="..\..\generate\JavaScriptParser.tokens">
      <Filter>generate</Filter>
    </None>
    <None Include="..\..\test\first.js">
      <Filter>资源文件</Filter>
    </None>
    <None Include="..\..\generate\JavaScriptLexer.g4">
      <Filter>g4</Filter>
    </None>
    <None Include="..\..\generate\JavaScriptParser.g4">
      <Filter>g4</Filter>
    </None>
    <None Include="cpp.hint" />
    <None Include="..\..\README.md" />
    <None Include="..\..\src\generate-lexer.js">
      <Filter>资源文件</Filter>
    </None>
  </ItemGroup>
  <ItemGroup>
    <Text Include="..\..\src\key_word.txt">
      <Filter>资源文件</Filter>
    </Text>
    <Text Include="..\..\src\operator.txt">
      <Filter>资源文件</Filter>
    </Text>
  </ItemGroup>
</Project>